
Microsoft Visual Studio Solution File, Format Version 12.00
# Visual Studio Version 16
VisualStudioVersion = 16.0.30804.86
MinimumVisualStudioVersion = 10.0.40219.1
Project("{9A19103F-16F7-4668-BE54-9A1E7A4F7556}") = "Calculadora.Test", "Calculadora.Test\Calculadora.Test.csproj", "{BBC2E233-8093-4ECD-BA93-943C03849A01}"
EndProject
Project("{9A19103F-16F7-4668-BE54-9A1E7A4F7556}") = "Calculadora", "Calculadora\Calculadora.csproj", "{9C9D6DDA-3FC1-4A39-BF27-BE06C90EAD7F}"
EndProject
Global
	GlobalSection(SolutionConfigurationPlatforms) = preSolution
		Debug|Any CPU = Debug|Any CPU
		Release|Any CPU = Release|Any CPU
	EndGlobalSection
	GlobalSection(ProjectConfigurationPlatforms) = postSolution
		{BBC2E233-8093-4ECD-BA93-943C03849A01}.Debug|Any CPU.ActiveCfg = Debug|Any CPU
		{BBC2E233-8093-4ECD-BA93-943C03849A01}.Debug|Any CPU.Build.0 = Debug|Any CPU
		{BBC2E233-8093-4ECD-BA93-943C03849A01}.Release|Any CPU.ActiveCfg = Release|Any CPU
		{BBC2E233-8093-4ECD-BA93-943C03849A01}.Release|Any CPU.Build.0 = Release|Any CPU
		{9C9D6DDA-3FC1-4A39-BF27-BE06C90EAD7F}.Debug|Any CPU.ActiveCfg = Debug|Any CPU
		{9C9D6DDA-3FC1-4A39-BF27-BE06C90EAD7F}.Debug|Any CPU.Build.0 = Debug|Any CPU
		{9C9D6DDA-3FC1-4A39-BF27-BE06C90EAD7F}.Release|Any CPU.ActiveCfg = Release|Any CPU
		{9C9D6DDA-3FC1-4A39-BF27-BE06C90EAD7F}.Release|Any CPU.Build.0 = Release|Any CPU
	EndGlobalSection
	GlobalSection(SolutionProperties) = preSolution
		HideSolutionNode = FALSE
	EndGlobalSection
	GlobalSection(ExtensibilityGlobals) = postSolution
		SolutionGuid = {7D69449F-C464-4291-B3D6-00973D18525B}
	EndGlobalSection
EndGlobal
